
Microsoft Visual Studio Solution File, Format Version 12.00
# Visual Studio Version 17
VisualStudioVersion = 17.4.33110.190
MinimumVisualStudioVersion = 10.0.40219.1
Project("{FAE04EC0-301F-11D3-BF4B-00C04F79EFBC}") = "NHS CALL APP", "NHS CALL APP\NHS CALL APP.csproj", "{FA42E851-62BE-4980-A470-7E2F45CB7DA9}"
EndProject
Global
	GlobalSection(SolutionConfigurationPlatforms) = preSolution
		Debug|Any CPU = Debug|Any CPU
		Release|Any CPU = Release|Any CPU
	EndGlobalSection
	GlobalSection(ProjectConfigurationPlatforms) = postSolution
		{FA42E851-62BE-4980-A470-7E2F45CB7DA9}.Debug|Any CPU.ActiveCfg = Debug|Any CPU
		{FA42E851-62BE-4980-A470-7E2F45CB7DA9}.Debug|Any CPU.Build.0 = Debug|Any CPU
		{FA42E851-62BE-4980-A470-7E2F45CB7DA9}.Release|Any CPU.ActiveCfg = Release|Any CPU
		{FA42E851-62BE-4980-A470-7E2F45CB7DA9}.Release|Any CPU.Build.0 = Release|Any CPU
	EndGlobalSection
	GlobalSection(SolutionProperties) = preSolution
		HideSolutionNode = FALSE
	EndGlobalSection
	GlobalSection(ExtensibilityGlobals) = postSolution
		SolutionGuid = {8EABFDE2-AB38-498B-81EC-CBEFA0639494}
	EndGlobalSection
EndGlobal
